
Microsoft Visual Studio Solution File, Format Version 12.00
Project("{FAE04EC0-301F-11D3-BF4B-00C04F79EFBC}") = "ConsoleAppIRepository", "ConsoleAppIRepository\ConsoleAppIRepository.csproj", "{0C03348C-8787-410F-ACB8-EFC09240249A}"
EndProject
Global
	GlobalSection(SolutionConfigurationPlatforms) = preSolution
		Debug|Any CPU = Debug|Any CPU
		Release|Any CPU = Release|Any CPU
	EndGlobalSection
	GlobalSection(ProjectConfigurationPlatforms) = postSolution
		{0C03348C-8787-410F-ACB8-EFC09240249A}.Debug|Any CPU.ActiveCfg = Debug|Any CPU
		{0C03348C-8787-410F-ACB8-EFC09240249A}.Debug|Any CPU.Build.0 = Debug|Any CPU
		{0C03348C-8787-410F-ACB8-EFC09240249A}.Release|Any CPU.ActiveCfg = Release|Any CPU
		{0C03348C-8787-410F-ACB8-EFC09240249A}.Release|Any CPU.Build.0 = Release|Any CPU
	EndGlobalSection
EndGlobal
